
Microsoft Visual Studio Solution File, Format Version 12.00
# Visual Studio Version 16
VisualStudioVersion = 16.0.28803.352
MinimumVisualStudioVersion = 10.0.40219.1
Project("{888888A0-9F3D-457C-B088-3A5042F75D52}") = "(2) Transcribing DNA into RNA", "(2) Transcribing DNA into RNA\(2) Transcribing DNA into RNA.pyproj", "{8376CF55-BF69-467A-B85A-017EB32B17AF}"
EndProject
Global
	GlobalSection(SolutionConfigurationPlatforms) = preSolution
		Debug|Any CPU = Debug|Any CPU
		Release|Any CPU = Release|Any CPU
	EndGlobalSection
	GlobalSection(ProjectConfigurationPlatforms) = postSolution
		{8376CF55-BF69-467A-B85A-017EB32B17AF}.Debug|Any CPU.ActiveCfg = Debug|Any CPU
		{8376CF55-BF69-467A-B85A-017EB32B17AF}.Release|Any CPU.ActiveCfg = Release|Any CPU
	EndGlobalSection
	GlobalSection(SolutionProperties) = preSolution
		HideSolutionNode = FALSE
	EndGlobalSection
	GlobalSection(ExtensibilityGlobals) = postSolution
		SolutionGuid = {DD2D9C22-C10C-45EA-BBF6-121603DD0C07}
	EndGlobalSection
EndGlobal
