
Microsoft Visual Studio Solution File, Format Version 12.00
# Visual Studio Version 16
VisualStudioVersion = 16.0.28803.352
MinimumVisualStudioVersion = 10.0.40219.1
Project("{888888A0-9F3D-457C-B088-3A5042F75D52}") = "Counting DNA Nucleotides", "Counting DNA Nucleotides\Counting DNA Nucleotides.pyproj", "{6A24CD0C-5163-4235-9AD5-820E4AE1E90C}"
EndProject
Global
	GlobalSection(SolutionConfigurationPlatforms) = preSolution
		Debug|Any CPU = Debug|Any CPU
		Release|Any CPU = Release|Any CPU
	EndGlobalSection
	GlobalSection(ProjectConfigurationPlatforms) = postSolution
		{6A24CD0C-5163-4235-9AD5-820E4AE1E90C}.Debug|Any CPU.ActiveCfg = Debug|Any CPU
		{6A24CD0C-5163-4235-9AD5-820E4AE1E90C}.Release|Any CPU.ActiveCfg = Release|Any CPU
	EndGlobalSection
	GlobalSection(SolutionProperties) = preSolution
		HideSolutionNode = FALSE
	EndGlobalSection
	GlobalSection(ExtensibilityGlobals) = postSolution
		SolutionGuid = {404250A6-59E5-4562-94BA-38277D4B7824}
	EndGlobalSection
EndGlobal
